// !$*UTF8*$!
{
	archiveVersion = 1;
	classes = {
	};
	objectVersion = 77;
	objects = {

/* Begin PBXContainerItemProxy section */
		5B4006892CD9C3F000B3E95F /* PBXContainerItemProxy */ = {
			isa = PBXContainerItemProxy;
			containerPortal = 5B40066A2CD9C3EE00B3E95F /* Project object */;
			proxyType = 1;
			remoteGlobalIDString = 5B4006712CD9C3EE00B3E95F;
			remoteInfo = "prio auto transpo";
		};
		5B4006932CD9C3F000B3E95F /* PBXContainerItemProxy */ = {
			isa = PBXContainerItemProxy;
			containerPortal = 5B40066A2CD9C3EE00B3E95F /* Project object */;
			proxyType = 1;
			remoteGlobalIDString = 5B4006712CD9C3EE00B3E95F;
			remoteInfo = "prio auto transpo";
		};
/* End PBXContainerItemProxy section */

/* Begin PBXFileReference section */
		5B4006722CD9C3EE00B3E95F /* prio auto transpo.app */ = {isa = PBXFileReference; explicitFileType = wrapper.application; includeInIndex = 0; path = "prio auto transpo.app"; sourceTree = BUILT_PRODUCTS_DIR; };
		5B4006882CD9C3F000B3E95F /* prio auto transpoTests.xctest */ = {isa = PBXFileReference; explicitFileType = wrapper.cfbundle; includeInIndex = 0; path = "prio auto transpoTests.xctest"; sourceTree = BUILT_PRODUCTS_DIR; };
		5B4006922CD9C3F000B3E95F /* prio auto transpoUITests.xctest */ = {isa = PBXFileReference; explicitFileType = wrapper.cfbundle; includeInIndex = 0; path = "prio auto transpoUITests.xctest"; sourceTree = BUILT_PRODUCTS_DIR; };
/* End PBXFileReference section */

/* Begin PBXFileSystemSynchronizedBuildFileExceptionSet section */
		5B40069A2CD9C3F000B3E95F /* Exceptions for "prio auto transpo" folder in "prio auto transpo" target */ = {
			isa = PBXFileSystemSynchronizedBuildFileExceptionSet;
			membershipExceptions = (
				Info.plist,
			);
			target = 5B4006712CD9C3EE00B3E95F /* prio auto transpo */;
		};
/* End PBXFileSystemSynchronizedBuildFileExceptionSet section */

/* Begin PBXFileSystemSynchronizedRootGroup section */
		5B4006742CD9C3EE00B3E95F /* prio auto transpo */ = {
			isa = PBXFileSystemSynchronizedRootGroup;
			exceptions = (
				5B40069A2CD9C3F000B3E95F /* Exceptions for "prio auto transpo" folder in "prio auto transpo" target */,
			);
			path = "prio auto transpo";
			sourceTree = "<group>";
		};
		5B40068B2CD9C3F000B3E95F /* prio auto transpoTests */ = {
			isa = PBXFileSystemSynchronizedRootGroup;
			path = "prio auto transpoTests";
			sourceTree = "<group>";
		};
		5B4006952CD9C3F000B3E95F /* prio auto transpoUITests */ = {
			isa = PBXFileSystemSynchronizedRootGroup;
			path = "prio auto transpoUITests";
			sourceTree = "<group>";
		};
/* End PBXFileSystemSynchronizedRootGroup section */

/* Begin PBXFrameworksBuildPhase section */
		5B40066F2CD9C3EE00B3E95F /* Frameworks */ = {
			isa = PBXFrameworksBuildPhase;
			buildActionMask = 2147483647;
			files = (
			);
			runOnlyForDeploymentPostprocessing = 0;
		};
		5B4006852CD9C3F000B3E95F /* Frameworks */ = {
			isa = PBXFrameworksBuildPhase;
			buildActionMask = 2147483647;
			files = (
			);
			runOnlyForDeploymentPostprocessing = 0;
		};
		5B40068F2CD9C3F000B3E95F /* Frameworks */ = {
			isa = PBXFrameworksBuildPhase;
			buildActionMask = 2147483647;
			files = (
			);
			runOnlyForDeploymentPostprocessing = 0;
		};
/* End PBXFrameworksBuildPhase section */

/* Begin PBXGroup section */
		5B4006692CD9C3EE00B3E95F = {
			isa = PBXGroup;
			children = (
				5B4006742CD9C3EE00B3E95F /* prio auto transpo */,
				5B40068B2CD9C3F000B3E95F /* prio auto transpoTests */,
				5B4006952CD9C3F000B3E95F /* prio auto transpoUITests */,
				5B4006732CD9C3EE00B3E95F /* Products */,
			);
			sourceTree = "<group>";
		};
		5B4006732CD9C3EE00B3E95F /* Products */ = {
			isa = PBXGroup;
			children = (
				5B4006722CD9C3EE00B3E95F /* prio auto transpo.app */,
				5B4006882CD9C3F000B3E95F /* prio auto transpoTests.xctest */,
				5B4006922CD9C3F000B3E95F /* prio auto transpoUITests.xctest */,
			);
			name = Products;
			sourceTree = "<group>";
		};
/* End PBXGroup section */

/* Begin PBXNativeTarget section */
		5B4006712CD9C3EE00B3E95F /* prio auto transpo */ = {
			isa = PBXNativeTarget;
			buildConfigurationList = 5B40069B2CD9C3F000B3E95F /* Build configuration list for PBXNativeTarget "prio auto transpo" */;
			buildPhases = (
				5B40066E2CD9C3EE00B3E95F /* Sources */,
				5B40066F2CD9C3EE00B3E95F /* Frameworks */,
				5B4006702CD9C3EE00B3E95F /* Resources */,
			);
			buildRules = (
			);
			dependencies = (
			);
			fileSystemSynchronizedGroups = (
				5B4006742CD9C3EE00B3E95F /* prio auto transpo */,
			);
			name = "prio auto transpo";
			packageProductDependencies = (
			);
			productName = "prio auto transpo";
			productReference = 5B4006722CD9C3EE00B3E95F /* prio auto transpo.app */;
			productType = "com.apple.product-type.application";
		};
		5B4006872CD9C3F000B3E95F /* prio auto transpoTests */ = {
			isa = PBXNativeTarget;
			buildConfigurationList = 5B4006A02CD9C3F000B3E95F /* Build configuration list for PBXNativeTarget "prio auto transpoTests" */;
			buildPhases = (
				5B4006842CD9C3F000B3E95F /* Sources */,
				5B4006852CD9C3F000B3E95F /* Frameworks */,
				5B4006862CD9C3F000B3E95F /* Resources */,
			);
			buildRules = (
			);
			dependencies = (
				5B40068A2CD9C3F000B3E95F /* PBXTargetDependency */,
			);
			fileSystemSynchronizedGroups = (
				5B40068B2CD9C3F000B3E95F /* prio auto transpoTests */,
			);
			name = "prio auto transpoTests";
			packageProductDependencies = (
			);
			productName = "prio auto transpoTests";
			productReference = 5B4006882CD9C3F000B3E95F /* prio auto transpoTests.xctest */;
			productType = "com.apple.product-type.bundle.unit-test";
		};
		5B4006912CD9C3F000B3E95F /* prio auto transpoUITests */ = {
			isa = PBXNativeTarget;
			buildConfigurationList = 5B4006A32CD9C3F000B3E95F /* Build configuration list for PBXNativeTarget "prio auto transpoUITests" */;
			buildPhases = (
				5B40068E2CD9C3F000B3E95F /* Sources */,
				5B40068F2CD9C3F000B3E95F /* Frameworks */,
				5B4006902CD9C3F000B3E95F /* Resources */,
			);
			buildRules = (
			);
			dependencies = (
				5B4006942CD9C3F000B3E95F /* PBXTargetDependency */,
			);
			fileSystemSynchronizedGroups = (
				5B4006952CD9C3F000B3E95F /* prio auto transpoUITests */,
			);
			name = "prio auto transpoUITests";
			packageProductDependencies = (
			);
			productName = "prio auto transpoUITests";
			productReference = 5B4006922CD9C3F000B3E95F /* prio auto transpoUITests.xctest */;
			productType = "com.apple.product-type.bundle.ui-testing";
		};
/* End PBXNativeTarget section */

/* Begin PBXProject section */
		5B40066A2CD9C3EE00B3E95F /* Project object */ = {
			isa = PBXProject;
			attributes = {
				BuildIndependentTargetsInParallel = 1;
				LastSwiftUpdateCheck = 1600;
				LastUpgradeCheck = 1600;
				TargetAttributes = {
					5B4006712CD9C3EE00B3E95F = {
						CreatedOnToolsVersion = 16.0;
					};
					5B4006872CD9C3F000B3E95F = {
						CreatedOnToolsVersion = 16.0;
						TestTargetID = 5B4006712CD9C3EE00B3E95F;
					};
					5B4006912CD9C3F000B3E95F = {
						CreatedOnToolsVersion = 16.0;
						TestTargetID = 5B4006712CD9C3EE00B3E95F;
					};
				};
			};
			buildConfigurationList = 5B40066D2CD9C3EE00B3E95F /* Build configuration list for PBXProject "prio auto transpo" */;
			developmentRegion = en;
			hasScannedForEncodings = 0;
			knownRegions = (
				en,
				Base,
			);
			mainGroup = 5B4006692CD9C3EE00B3E95F;
			minimizedProjectReferenceProxies = 1;
			preferredProjectObjectVersion = 77;
			productRefGroup = 5B4006732CD9C3EE00B3E95F /* Products */;
			projectDirPath = "";
			projectRoot = "";
			targets = (
				5B4006712CD9C3EE00B3E95F /* prio auto transpo */,
				5B4006872CD9C3F000B3E95F /* prio auto transpoTests */,
				5B4006912CD9C3F000B3E95F /* prio auto transpoUITests */,
			);
		};
/* End PBXProject section */

/* Begin PBXResourcesBuildPhase section */
		5B4006702CD9C3EE00B3E95F /* Resources */ = {
			isa = PBXResourcesBuildPhase;
			buildActionMask = 2147483647;
			files = (
			);
			runOnlyForDeploymentPostprocessing = 0;
		};
		5B4006862CD9C3F000B3E95F /* Resources */ = {
			isa = PBXResourcesBuildPhase;
			buildActionMask = 2147483647;
			files = (
			);
			runOnlyForDeploymentPostprocessing = 0;
		};
		5B4006902CD9C3F000B3E95F /* Resources */ = {
			isa = PBXResourcesBuildPhase;
			buildActionMask = 2147483647;
			files = (
			);
			runOnlyForDeploymentPostprocessing = 0;
		};
/* End PBXResourcesBuildPhase section */

/* Begin PBXSourcesBuildPhase section */
		5B40066E2CD9C3EE00B3E95F /* Sources */ = {
			isa = PBXSourcesBuildPhase;
			buildActionMask = 2147483647;
			files = (
			);
			runOnlyForDeploymentPostprocessing = 0;
		};
		5B4006842CD9C3F000B3E95F /* Sources */ = {
			isa = PBXSourcesBuildPhase;
			buildActionMask = 2147483647;
			files = (
			);
			runOnlyForDeploymentPostprocessing = 0;
		};
		5B40068E2CD9C3F000B3E95F /* Sources */ = {
			isa = PBXSourcesBuildPhase;
			buildActionMask = 2147483647;
			files = (
			);
			runOnlyForDeploymentPostprocessing = 0;
		};
/* End PBXSourcesBuildPhase section */

/* Begin PBXTargetDependency section */
		5B40068A2CD9C3F000B3E95F /* PBXTargetDependency */ = {
			isa = PBXTargetDependency;
			target = 5B4006712CD9C3EE00B3E95F /* prio auto transpo */;
			targetProxy = 5B4006892CD9C3F000B3E95F /* PBXContainerItemProxy */;
		};
		5B4006942CD9C3F000B3E95F /* PBXTargetDependency */ = {
			isa = PBXTargetDependency;
			target = 5B4006712CD9C3EE00B3E95F /* prio auto transpo */;
			targetProxy = 5B4006932CD9C3F000B3E95F /* PBXContainerItemProxy */;
		};
/* End PBXTargetDependency section */

/* Begin XCBuildConfiguration section */
		5B40069C2CD9C3F000B3E95F /* Debug */ = {
			isa = XCBuildConfiguration;
			buildSettings = {
				ASSETCATALOG_COMPILER_APPICON_NAME = AppIcon;
				ASSETCATALOG_COMPILER_GLOBAL_ACCENT_COLOR_NAME = AccentColor;
				CODE_SIGN_STYLE = Automatic;
				CURRENT_PROJECT_VERSION = 1;
				GENERATE_INFOPLIST_FILE = YES;
				INFOPLIST_FILE = "prio auto transpo/Info.plist";
				INFOPLIST_KEY_UIApplicationSupportsIndirectInputEvents = YES;
				INFOPLIST_KEY_UILaunchStoryboardName = LaunchScreen;
				INFOPLIST_KEY_UIMainStoryboardFile = Main;
				INFOPLIST_KEY_UISupportedInterfaceOrientations_iPad = "UIInterfaceOrientationPortrait UIInterfaceOrientationPortraitUpsideDown UIInterfaceOrientationLandscapeLeft UIInterfaceOrientationLandscapeRight";
				INFOPLIST_KEY_UISupportedInterfaceOrientations_iPhone = "UIInterfaceOrientationPortrait UIInterfaceOrientationLandscapeLeft UIInterfaceOrientationLandscapeRight";
				LD_RUNPATH_SEARCH_PATHS = (
					"$(inherited)",
					"@executable_path/Frameworks",
				);
				MARKETING_VERSION = 1.0;
				PRODUCT_BUNDLE_IDENTIFIER = "Prio.transpo.prio-auto-transpo";
				PRODUCT_NAME = "$(TARGET_NAME)";
				SUPPORTED_PLATFORMS = "iphoneos iphonesimulator";
				SUPPORTS_MACCATALYST = NO;
				SUPPORTS_MAC_DESIGNED_FOR_IPHONE_IPAD = NO;
				SUPPORTS_XR_DESIGNED_FOR_IPHONE_IPAD = NO;
				SWIFT_EMIT_LOC_STRINGS = YES;
				SWIFT_VERSION = 5.0;
				TARGETED_DEVICE_FAMILY = "1,2";
			};
			name = Debug;
		};
		5B40069D2CD9C3F000B3E95F /* Release */ = {
			isa = XCBuildConfiguration;
			buildSettings = {
				ASSETCATALOG_COMPILER_APPICON_NAME = AppIcon;
				ASSETCATALOG_COMPILER_GLOBAL_ACCENT_COLOR_NAME = AccentColor;
				CODE_SIGN_STYLE = Automatic;
				CURRENT_PROJECT_VERSION = 1;
				GENERATE_INFOPLIST_FILE = YES;
				INFOPLIST_FILE = "prio auto transpo/Info.plist";
				INFOPLIST_KEY_UIApplicationSupportsIndirectInputEvents = YES;
				INFOPLIST_KEY_UILaunchStoryboardName = LaunchScreen;
				INFOPLIST_KEY_UIMainStoryboardFile = Main;
				INFOPLIST_KEY_UISupportedInterfaceOrientations_iPad = "UIInterfaceOrientationPortrait UIInterfaceOrientationPortraitUpsideDown UIInterfaceOrientationLandscapeLeft UIInterfaceOrientationLandscapeRight";
				INFOPLIST_KEY_UISupportedInterfaceOrientations_iPhone = "UIInterfaceOrientationPortrait UIInterfaceOrientationLandscapeLeft UIInterfaceOrientationLandscapeRight";
				LD_RUNPATH_SEARCH_PATHS = (
					"$(inherited)",
					"@executable_path/Frameworks",
				);
				MARKETING_VERSION = 1.0;
				PRODUCT_BUNDLE_IDENTIFIER = "Prio.transpo.prio-auto-transpo";
				PRODUCT_NAME = "$(TARGET_NAME)";
				SUPPORTED_PLATFORMS = "iphoneos iphonesimulator";
				SUPPORTS_MACCATALYST = NO;
				SUPPORTS_MAC_DESIGNED_FOR_IPHONE_IPAD = NO;
				SUPPORTS_XR_DESIGNED_FOR_IPHONE_IPAD = NO;
				SWIFT_EMIT_LOC_STRINGS = YES;
				SWIFT_VERSION = 5.0;
				TARGETED_DEVICE_FAMILY = "1,2";
			};
			name = Release;
		};
		5B40069E2CD9C3F000B3E95F /* Debug */ = {
			isa = XCBuildConfiguration;
			buildSettings = {
				ALWAYS_SEARCH_USER_PATHS = NO;
				ASSETCATALOG_COMPILER_GENERATE_SWIFT_ASSET_SYMBOL_EXTENSIONS = YES;
				CLANG_ANALYZER_NONNULL = YES;
				CLANG_ANALYZER_NUMBER_OBJECT_CONVERSION = YES_AGGRESSIVE;
				CLANG_CXX_LANGUAGE_STANDARD = "gnu++20";
				CLANG_ENABLE_MODULES = YES;
				CLANG_ENABLE_OBJC_ARC = YES;
				CLANG_ENABLE_OBJC_WEAK = YES;
				CLANG_WARN_BLOCK_CAPTURE_AUTORELEASING = YES;
				CLANG_WARN_BOOL_CONVERSION = YES;
				CLANG_WARN_COMMA = YES;
				CLANG_WARN_CONSTANT_CONVERSION = YES;
				CLANG_WARN_DEPRECATED_OBJC_IMPLEMENTATIONS = YES;
				CLANG_WARN_DIRECT_OBJC_ISA_USAGE = YES_ERROR;
				CLANG_WARN_DOCUMENTATION_COMMENTS = YES;
				CLANG_WARN_EMPTY_BODY = YES;
				CLANG_WARN_ENUM_CONVERSION = YES;
				CLANG_WARN_INFINITE_RECURSION = YES;
				CLANG_WARN_INT_CONVERSION = YES;
				CLANG_WARN_NON_LITERAL_NULL_CONVERSION = YES;
				CLANG_WARN_OBJC_IMPLICIT_RETAIN_SELF = YES;
				CLANG_WARN_OBJC_LITERAL_CONVERSION = YES;
				CLANG_WARN_OBJC_ROOT_CLASS = YES_ERROR;
				CLANG_WARN_QUOTED_INCLUDE_IN_FRAMEWORK_HEADER = YES;
				CLANG_WARN_RANGE_LOOP_ANALYSIS = YES;
				CLANG_WARN_STRICT_PROTOTYPES = YES;
				CLANG_WARN_SUSPICIOUS_MOVE = YES;
				CLANG_WARN_UNGUARDED_AVAILABILITY = YES_AGGRESSIVE;
				CLANG_WARN_UNREACHABLE_CODE = YES;
				CLANG_WARN__DUPLICATE_METHOD_MATCH = YES;
				COPY_PHASE_STRIP = NO;
				DEBUG_INFORMATION_FORMAT = dwarf;
				ENABLE_STRICT_OBJC_MSGSEND = YES;
				ENABLE_TESTABILITY = YES;
				ENABLE_USER_SCRIPT_SANDBOXING = YES;
				GCC_C_LANGUAGE_STANDARD = gnu17;
				GCC_DYNAMIC_NO_PIC = NO;
				GCC_NO_COMMON_BLOCKS = YES;
				GCC_OPTIMIZATION_LEVEL = 0;
				GCC_PREPROCESSOR_DEFINITIONS = (
					"DEBUG=1",
					"$(inherited)",
				);
				GCC_WARN_64_TO_32_BIT_CONVERSION = YES;
				GCC_WARN_ABOUT_RETURN_TYPE = YES_ERROR;
				GCC_WARN_UNDECLARED_SELECTOR = YES;
				GCC_WARN_UNINITIALIZED_AUTOS = YES_AGGRESSIVE;
				GCC_WARN_UNUSED_FUNCTION = YES;
				GCC_WARN_UNUSED_VARIABLE = YES;
				IPHONEOS_DEPLOYMENT_TARGET = 18.0;
				LOCALIZATION_PREFERS_STRING_CATALOGS = YES;
				MTL_ENABLE_DEBUG_INFO = INCLUDE_SOURCE;
				MTL_FAST_MATH = YES;
				ONLY_ACTIVE_ARCH = YES;
				SDKROOT = iphoneos;
				SWIFT_ACTIVE_COMPILATION_CONDITIONS = "DEBUG $(inherited)";
				SWIFT_OPTIMIZATION_LEVEL = "-Onone";
			};
			name = Debug;
		};
		5B40069F2CD9C3F000B3E95F /* Release */ = {
			isa = XCBuildConfiguration;
			buildSettings = {
				ALWAYS_SEARCH_USER_PATHS = NO;
				ASSETCATALOG_COMPILER_GENERATE_SWIFT_ASSET_SYMBOL_EXTENSIONS = YES;
				CLANG_ANALYZER_NONNULL = YES;
				CLANG_ANALYZER_NUMBER_OBJECT_CONVERSION = YES_AGGRESSIVE;
				CLANG_CXX_LANGUAGE_STANDARD = "gnu++20";
				CLANG_ENABLE_MODULES = YES;
				CLANG_ENABLE_OBJC_ARC = YES;
				CLANG_ENABLE_OBJC_WEAK = YES;
				CLANG_WARN_BLOCK_CAPTURE_AUTORELEASING = YES;
				CLANG_WARN_BOOL_CONVERSION = YES;
				CLANG_WARN_COMMA = YES;
				CLANG_WARN_CONSTANT_CONVERSION = YES;
				CLANG_WARN_DEPRECATED_OBJC_IMPLEMENTATIONS = YES;
				CLANG_WARN_DIRECT_OBJC_ISA_USAGE = YES_ERROR;
				CLANG_WARN_DOCUMENTATION_COMMENTS = YES;
				CLANG_WARN_EMPTY_BODY = YES;
				CLANG_WARN_ENUM_CONVERSION = YES;
				CLANG_WARN_INFINITE_RECURSION = YES;
				CLANG_WARN_INT_CONVERSION = YES;
				CLANG_WARN_NON_LITERAL_NULL_CONVERSION = YES;
				CLANG_WARN_OBJC_IMPLICIT_RETAIN_SELF = YES;
				CLANG_WARN_OBJC_LITERAL_CONVERSION = YES;
				CLANG_WARN_OBJC_ROOT_CLASS = YES_ERROR;
				CLANG_WARN_QUOTED_INCLUDE_IN_FRAMEWORK_HEADER = YES;
				CLANG_WARN_RANGE_LOOP_ANALYSIS = YES;
				CLANG_WARN_STRICT_PROTOTYPES = YES;
				CLANG_WARN_SUSPICIOUS_MOVE = YES;
				CLANG_WARN_UNGUARDED_AVAILABILITY = YES_AGGRESSIVE;
				CLANG_WARN_UNREACHABLE_CODE = YES;
				CLANG_WARN__DUPLICATE_METHOD_MATCH = YES;
				COPY_PHASE_STRIP = NO;
				DEBUG_INFORMATION_FORMAT = "dwarf-with-dsym";
				ENABLE_NS_ASSERTIONS = NO;
				ENABLE_STRICT_OBJC_MSGSEND = YES;
				ENABLE_USER_SCRIPT_SANDBOXING = YES;
				GCC_C_LANGUAGE_STANDARD = gnu17;
				GCC_NO_COMMON_BLOCKS = YES;
				GCC_WARN_64_TO_32_BIT_CONVERSION = YES;
				GCC_WARN_ABOUT_RETURN_TYPE = YES_ERROR;
				GCC_WARN_UNDECLARED_SELECTOR = YES;
				GCC_WARN_UNINITIALIZED_AUTOS = YES_AGGRESSIVE;
				GCC_WARN_UNUSED_FUNCTION = YES;
				GCC_WARN_UNUSED_VARIABLE = YES;
				IPHONEOS_DEPLOYMENT_TARGET = 18.0;
				LOCALIZATION_PREFERS_STRING_CATALOGS = YES;
				MTL_ENABLE_DEBUG_INFO = NO;
				MTL_FAST_MATH = YES;
				SDKROOT = iphoneos;
				SWIFT_COMPILATION_MODE = wholemodule;
				VALIDATE_PRODUCT = YES;
			};
			name = Release;
		};
		5B4006A12CD9C3F000B3E95F /* Debug */ = {
			isa = XCBuildConfiguration;
			buildSettings = {
				BUNDLE_LOADER = "$(TEST_HOST)";
				CODE_SIGN_STYLE = Automatic;
				CURRENT_PROJECT_VERSION = 1;
				GENERATE_INFOPLIST_FILE = YES;
				IPHONEOS_DEPLOYMENT_TARGET = 18.0;
				MARKETING_VERSION = 1.0;
				PRODUCT_BUNDLE_IDENTIFIER = "Prio.transpo.prio-auto-transpoTests";
				PRODUCT_NAME = "$(TARGET_NAME)";
				SWIFT_EMIT_LOC_STRINGS = NO;
				SWIFT_VERSION = 5.0;
				TARGETED_DEVICE_FAMILY = "1,2";
				TEST_HOST = "$(BUILT_PRODUCTS_DIR)/prio auto transpo.app/$(BUNDLE_EXECUTABLE_FOLDER_PATH)/prio auto transpo";
			};
			name = Debug;
		};
		5B4006A22CD9C3F000B3E95F /* Release */ = {
			isa = XCBuildConfiguration;
			buildSettings = {
				BUNDLE_LOADER = "$(TEST_HOST)";
				CODE_SIGN_STYLE = Automatic;
				CURRENT_PROJECT_VERSION = 1;
				GENERATE_INFOPLIST_FILE = YES;
				IPHONEOS_DEPLOYMENT_TARGET = 18.0;
				MARKETING_VERSION = 1.0;
				PRODUCT_BUNDLE_IDENTIFIER = "Prio.transpo.prio-auto-transpoTests";
				PRODUCT_NAME = "$(TARGET_NAME)";
				SWIFT_EMIT_LOC_STRINGS = NO;
				SWIFT_VERSION = 5.0;
				TARGETED_DEVICE_FAMILY = "1,2";
				TEST_HOST = "$(BUILT_PRODUCTS_DIR)/prio auto transpo.app/$(BUNDLE_EXECUTABLE_FOLDER_PATH)/prio auto transpo";
			};
			name = Release;
		};
		5B4006A42CD9C3F000B3E95F /* Debug */ = {
			isa = XCBuildConfiguration;
			buildSettings = {
				CODE_SIGN_STYLE = Automatic;
				CURRENT_PROJECT_VERSION = 1;
				GENERATE_INFOPLIST_FILE = YES;
				MARKETING_VERSION = 1.0;
				PRODUCT_BUNDLE_IDENTIFIER = "Prio.transpo.prio-auto-transpoUITests";
				PRODUCT_NAME = "$(TARGET_NAME)";
				SWIFT_EMIT_LOC_STRINGS = NO;
				SWIFT_VERSION = 5.0;
				TARGETED_DEVICE_FAMILY = "1,2";
				TEST_TARGET_NAME = "prio auto transpo";
			};
			name = Debug;
		};
		5B4006A52CD9C3F000B3E95F /* Release */ = {
			isa = XCBuildConfiguration;
			buildSettings = {
				CODE_SIGN_STYLE = Automatic;
				CURRENT_PROJECT_VERSION = 1;
				GENERATE_INFOPLIST_FILE = YES;
				MARKETING_VERSION = 1.0;
				PRODUCT_BUNDLE_IDENTIFIER = "Prio.transpo.prio-auto-transpoUITests";
				PRODUCT_NAME = "$(TARGET_NAME)";
				SWIFT_EMIT_LOC_STRINGS = NO;
				SWIFT_VERSION = 5.0;
				TARGETED_DEVICE_FAMILY = "1,2";
				TEST_TARGET_NAME = "prio auto transpo";
			};
			name = Release;
		};
/* End XCBuildConfiguration section */

/* Begin XCConfigurationList section */
		5B40066D2CD9C3EE00B3E95F /* Build configuration list for PBXProject "prio auto transpo" */ = {
			isa = XCConfigurationList;
			buildConfigurations = (
				5B40069E2CD9C3F000B3E95F /* Debug */,
				5B40069F2CD9C3F000B3E95F /* Release */,
			);
			defaultConfigurationIsVisible = 0;
			defaultConfigurationName = Release;
		};
		5B40069B2CD9C3F000B3E95F /* Build configuration list for PBXNativeTarget "prio auto transpo" */ = {
			isa = XCConfigurationList;
			buildConfigurations = (
				5B40069C2CD9C3F000B3E95F /* Debug */,
				5B40069D2CD9C3F000B3E95F /* Release */,
			);
			defaultConfigurationIsVisible = 0;
			defaultConfigurationName = Release;
		};
		5B4006A02CD9C3F000B3E95F /* Build configuration list for PBXNativeTarget "prio auto transpoTests" */ = {
			isa = XCConfigurationList;
			buildConfigurations = (
				5B4006A12CD9C3F000B3E95F /* Debug */,
				5B4006A22CD9C3F000B3E95F /* Release */,
			);
			defaultConfigurationIsVisible = 0;
			defaultConfigurationName = Release;
		};
		5B4006A32CD9C3F000B3E95F /* Build configuration list for PBXNativeTarget "prio auto transpoUITests" */ = {
			isa = XCConfigurationList;
			buildConfigurations = (
				5B4006A42CD9C3F000B3E95F /* Debug */,
				5B4006A52CD9C3F000B3E95F /* Release */,
			);
			defaultConfigurationIsVisible = 0;
			defaultConfigurationName = Release;
		};
/* End XCConfigurationList section */
	};
	rootObject = 5B40066A2CD9C3EE00B3E95F /* Project object */;
}
